
Microsoft Visual Studio Solution File, Format Version 12.00
# Visual Studio 15
Project("{FAE04EC0-301F-11D3-BF4B-00C04F79EFBC}") = "SensorApp.Android", "SensorApp.Android\SensorApp.Android.csproj", "{C20E2C86-D13C-4CD4-AD62-77311082842A}"
EndProject
Project("{FAE04EC0-301F-11D3-BF4B-00C04F79EFBC}") = "SensorApp.iOS", "SensorApp.iOS\SensorApp.iOS.csproj", "{290147CB-C846-4D56-AAD7-8424CA14315F}"
EndProject
Project("{FAE04EC0-301F-11D3-BF4B-00C04F79EFBC}") = "SensorApp", "SensorApp\SensorApp.csproj", "{20A9E832-145E-4559-AEB1-EE566E648CDF}"
EndProject
Global
	GlobalSection(SolutionConfigurationPlatforms) = preSolution
		Debug|Any CPU = Debug|Any CPU
		Release|Any CPU = Release|Any CPU
		Debug|iPhoneSimulator = Debug|iPhoneSimulator
		Release|iPhoneSimulator = Release|iPhoneSimulator
		Debug|iPhone = Debug|iPhone
		Release|iPhone = Release|iPhone
		Ad-Hoc|iPhone = Ad-Hoc|iPhone
		AppStore|iPhone = AppStore|iPhone
	EndGlobalSection
	GlobalSection(ProjectConfigurationPlatforms) = postSolution
		{C20E2C86-D13C-4CD4-AD62-77311082842A}.Debug|Any CPU.ActiveCfg = Debug|Any CPU
		{C20E2C86-D13C-4CD4-AD62-77311082842A}.Debug|Any CPU.Build.0 = Debug|Any CPU
		{C20E2C86-D13C-4CD4-AD62-77311082842A}.Release|Any CPU.ActiveCfg = Release|Any CPU
		{C20E2C86-D13C-4CD4-AD62-77311082842A}.Release|Any CPU.Build.0 = Release|Any CPU
		{C20E2C86-D13C-4CD4-AD62-77311082842A}.Debug|iPhoneSimulator.ActiveCfg = Debug|Any CPU
		{C20E2C86-D13C-4CD4-AD62-77311082842A}.Debug|iPhoneSimulator.Build.0 = Debug|Any CPU
		{C20E2C86-D13C-4CD4-AD62-77311082842A}.Release|iPhoneSimulator.ActiveCfg = Release|Any CPU
		{C20E2C86-D13C-4CD4-AD62-77311082842A}.Release|iPhoneSimulator.Build.0 = Release|Any CPU
		{C20E2C86-D13C-4CD4-AD62-77311082842A}.Debug|iPhone.ActiveCfg = Debug|Any CPU
		{C20E2C86-D13C-4CD4-AD62-77311082842A}.Debug|iPhone.Build.0 = Debug|Any CPU
		{C20E2C86-D13C-4CD4-AD62-77311082842A}.Release|iPhone.ActiveCfg = Release|Any CPU
		{C20E2C86-D13C-4CD4-AD62-77311082842A}.Release|iPhone.Build.0 = Release|Any CPU
		{C20E2C86-D13C-4CD4-AD62-77311082842A}.Ad-Hoc|iPhone.ActiveCfg = Debug|Any CPU
		{C20E2C86-D13C-4CD4-AD62-77311082842A}.Ad-Hoc|iPhone.Build.0 = Debug|Any CPU
		{C20E2C86-D13C-4CD4-AD62-77311082842A}.AppStore|iPhone.ActiveCfg = Debug|Any CPU
		{C20E2C86-D13C-4CD4-AD62-77311082842A}.AppStore|iPhone.Build.0 = Debug|Any CPU
		{290147CB-C846-4D56-AAD7-8424CA14315F}.Debug|Any CPU.ActiveCfg = Debug|iPhoneSimulator
		{290147CB-C846-4D56-AAD7-8424CA14315F}.Debug|Any CPU.Build.0 = Debug|iPhoneSimulator
		{290147CB-C846-4D56-AAD7-8424CA14315F}.Release|Any CPU.ActiveCfg = Release|iPhoneSimulator
		{290147CB-C846-4D56-AAD7-8424CA14315F}.Release|Any CPU.Build.0 = Release|iPhoneSimulator
		{290147CB-C846-4D56-AAD7-8424CA14315F}.Debug|iPhoneSimulator.ActiveCfg = Debug|iPhoneSimulator
		{290147CB-C846-4D56-AAD7-8424CA14315F}.Debug|iPhoneSimulator.Build.0 = Debug|iPhoneSimulator
		{290147CB-C846-4D56-AAD7-8424CA14315F}.Release|iPhoneSimulator.ActiveCfg = Release|iPhoneSimulator
		{290147CB-C846-4D56-AAD7-8424CA14315F}.Release|iPhoneSimulator.Build.0 = Release|iPhoneSimulator
		{290147CB-C846-4D56-AAD7-8424CA14315F}.Debug|iPhone.ActiveCfg = Debug|iPhone
		{290147CB-C846-4D56-AAD7-8424CA14315F}.Debug|iPhone.Build.0 = Debug|iPhone
		{290147CB-C846-4D56-AAD7-8424CA14315F}.Release|iPhone.ActiveCfg = Release|iPhone
		{290147CB-C846-4D56-AAD7-8424CA14315F}.Release|iPhone.Build.0 = Release|iPhone
		{290147CB-C846-4D56-AAD7-8424CA14315F}.Ad-Hoc|iPhone.ActiveCfg = Ad-Hoc|iPhone
		{290147CB-C846-4D56-AAD7-8424CA14315F}.Ad-Hoc|iPhone.Build.0 = Ad-Hoc|iPhone
		{290147CB-C846-4D56-AAD7-8424CA14315F}.AppStore|iPhone.ActiveCfg = AppStore|iPhone
		{290147CB-C846-4D56-AAD7-8424CA14315F}.AppStore|iPhone.Build.0 = AppStore|iPhone
		{20A9E832-145E-4559-AEB1-EE566E648CDF}.Debug|Any CPU.ActiveCfg = Debug|Any CPU
		{20A9E832-145E-4559-AEB1-EE566E648CDF}.Debug|Any CPU.Build.0 = Debug|Any CPU
		{20A9E832-145E-4559-AEB1-EE566E648CDF}.Release|Any CPU.ActiveCfg = Release|Any CPU
		{20A9E832-145E-4559-AEB1-EE566E648CDF}.Release|Any CPU.Build.0 = Release|Any CPU
		{20A9E832-145E-4559-AEB1-EE566E648CDF}.Debug|iPhoneSimulator.ActiveCfg = Debug|Any CPU
		{20A9E832-145E-4559-AEB1-EE566E648CDF}.Debug|iPhoneSimulator.Build.0 = Debug|Any CPU
		{20A9E832-145E-4559-AEB1-EE566E648CDF}.Release|iPhoneSimulator.ActiveCfg = Release|Any CPU
		{20A9E832-145E-4559-AEB1-EE566E648CDF}.Release|iPhoneSimulator.Build.0 = Release|Any CPU
		{20A9E832-145E-4559-AEB1-EE566E648CDF}.Debug|iPhone.ActiveCfg = Debug|Any CPU
		{20A9E832-145E-4559-AEB1-EE566E648CDF}.Debug|iPhone.Build.0 = Debug|Any CPU
		{20A9E832-145E-4559-AEB1-EE566E648CDF}.Release|iPhone.ActiveCfg = Release|Any CPU
		{20A9E832-145E-4559-AEB1-EE566E648CDF}.Release|iPhone.Build.0 = Release|Any CPU
		{20A9E832-145E-4559-AEB1-EE566E648CDF}.Ad-Hoc|iPhone.ActiveCfg = Debug|Any CPU
		{20A9E832-145E-4559-AEB1-EE566E648CDF}.Ad-Hoc|iPhone.Build.0 = Debug|Any CPU
		{20A9E832-145E-4559-AEB1-EE566E648CDF}.AppStore|iPhone.ActiveCfg = Debug|Any CPU
		{20A9E832-145E-4559-AEB1-EE566E648CDF}.AppStore|iPhone.Build.0 = Debug|Any CPU
	EndGlobalSection
EndGlobal
